
Microsoft Visual Studio Solution File, Format Version 12.00
# Visual Studio 15
VisualStudioVersion = 15.0.27130.2036
MinimumVisualStudioVersion = 10.0.40219.1
Project("{FAE04EC0-301F-11D3-BF4B-00C04F79EFBC}") = "SmartTaskbar", "SmartTaskbar\SmartTaskbar.csproj", "{7B35FFCC-3100-4100-94A5-384F141D8E02}"
EndProject
Project("{FAE04EC0-301F-11D3-BF4B-00C04F79EFBC}") = "SmartTaskbar.Settings", "SmartTaskbar.Settings\SmartTaskbar.Settings.csproj", "{90F87268-BAC4-4E44-9CE4-C66857D91869}"
EndProject
Project("{FAE04EC0-301F-11D3-BF4B-00C04F79EFBC}") = "SmartTaskbar.Infrastructure", "SmartTaskbar.Infrastructure\SmartTaskbar.Infrastructure.csproj", "{DC3C6B83-6F0B-4E1F-8A3D-7181B35FAFEC}"
EndProject
Project("{8BC9CEB8-8B4A-11D0-8D11-00A0C91BC942}") = "SmartTaskbar.Core", "SmartTaskbar.Core\SmartTaskbar.Core.vcxproj", "{166190CA-0F87-4EBF-8F80-393EA3F85163}"
EndProject
Global
	GlobalSection(SolutionConfigurationPlatforms) = preSolution
		Debug|Any CPU = Debug|Any CPU
		Debug|x64 = Debug|x64
		Debug|x86 = Debug|x86
		Release|Any CPU = Release|Any CPU
		Release|x64 = Release|x64
		Release|x86 = Release|x86
	EndGlobalSection
	GlobalSection(ProjectConfigurationPlatforms) = postSolution
		{7B35FFCC-3100-4100-94A5-384F141D8E02}.Debug|Any CPU.ActiveCfg = Debug|Any CPU
		{7B35FFCC-3100-4100-94A5-384F141D8E02}.Debug|Any CPU.Build.0 = Debug|Any CPU
		{7B35FFCC-3100-4100-94A5-384F141D8E02}.Debug|x64.ActiveCfg = Debug|Any CPU
		{7B35FFCC-3100-4100-94A5-384F141D8E02}.Debug|x64.Build.0 = Debug|Any CPU
		{7B35FFCC-3100-4100-94A5-384F141D8E02}.Debug|x86.ActiveCfg = Debug|Any CPU
		{7B35FFCC-3100-4100-94A5-384F141D8E02}.Debug|x86.Build.0 = Debug|Any CPU
		{7B35FFCC-3100-4100-94A5-384F141D8E02}.Release|Any CPU.ActiveCfg = Release|Any CPU
		{7B35FFCC-3100-4100-94A5-384F141D8E02}.Release|Any CPU.Build.0 = Release|Any CPU
		{7B35FFCC-3100-4100-94A5-384F141D8E02}.Release|x64.ActiveCfg = Release|Any CPU
		{7B35FFCC-3100-4100-94A5-384F141D8E02}.Release|x64.Build.0 = Release|Any CPU
		{7B35FFCC-3100-4100-94A5-384F141D8E02}.Release|x86.ActiveCfg = Release|Any CPU
		{7B35FFCC-3100-4100-94A5-384F141D8E02}.Release|x86.Build.0 = Release|Any CPU
		{90F87268-BAC4-4E44-9CE4-C66857D91869}.Debug|Any CPU.ActiveCfg = Debug|Any CPU
		{90F87268-BAC4-4E44-9CE4-C66857D91869}.Debug|Any CPU.Build.0 = Debug|Any CPU
		{90F87268-BAC4-4E44-9CE4-C66857D91869}.Debug|x64.ActiveCfg = Debug|Any CPU
		{90F87268-BAC4-4E44-9CE4-C66857D91869}.Debug|x64.Build.0 = Debug|Any CPU
		{90F87268-BAC4-4E44-9CE4-C66857D91869}.Debug|x86.ActiveCfg = Debug|Any CPU
		{90F87268-BAC4-4E44-9CE4-C66857D91869}.Debug|x86.Build.0 = Debug|Any CPU
		{90F87268-BAC4-4E44-9CE4-C66857D91869}.Release|Any CPU.ActiveCfg = Release|Any CPU
		{90F87268-BAC4-4E44-9CE4-C66857D91869}.Release|Any CPU.Build.0 = Release|Any CPU
		{90F87268-BAC4-4E44-9CE4-C66857D91869}.Release|x64.ActiveCfg = Release|Any CPU
		{90F87268-BAC4-4E44-9CE4-C66857D91869}.Release|x64.Build.0 = Release|Any CPU
		{90F87268-BAC4-4E44-9CE4-C66857D91869}.Release|x86.ActiveCfg = Release|Any CPU
		{90F87268-BAC4-4E44-9CE4-C66857D91869}.Release|x86.Build.0 = Release|Any CPU
		{DC3C6B83-6F0B-4E1F-8A3D-7181B35FAFEC}.Debug|Any CPU.ActiveCfg = Debug|Any CPU
		{DC3C6B83-6F0B-4E1F-8A3D-7181B35FAFEC}.Debug|Any CPU.Build.0 = Debug|Any CPU
		{DC3C6B83-6F0B-4E1F-8A3D-7181B35FAFEC}.Debug|x64.ActiveCfg = Debug|Any CPU
		{DC3C6B83-6F0B-4E1F-8A3D-7181B35FAFEC}.Debug|x64.Build.0 = Debug|Any CPU
		{DC3C6B83-6F0B-4E1F-8A3D-7181B35FAFEC}.Debug|x86.ActiveCfg = Debug|Any CPU
		{DC3C6B83-6F0B-4E1F-8A3D-7181B35FAFEC}.Debug|x86.Build.0 = Debug|Any CPU
		{DC3C6B83-6F0B-4E1F-8A3D-7181B35FAFEC}.Release|Any CPU.ActiveCfg = Release|Any CPU
		{DC3C6B83-6F0B-4E1F-8A3D-7181B35FAFEC}.Release|Any CPU.Build.0 = Release|Any CPU
		{DC3C6B83-6F0B-4E1F-8A3D-7181B35FAFEC}.Release|x64.ActiveCfg = Release|Any CPU
		{DC3C6B83-6F0B-4E1F-8A3D-7181B35FAFEC}.Release|x64.Build.0 = Release|Any CPU
		{DC3C6B83-6F0B-4E1F-8A3D-7181B35FAFEC}.Release|x86.ActiveCfg = Release|Any CPU
		{DC3C6B83-6F0B-4E1F-8A3D-7181B35FAFEC}.Release|x86.Build.0 = Release|Any CPU
		{166190CA-0F87-4EBF-8F80-393EA3F85163}.Debug|Any CPU.ActiveCfg = Debug|Win32
		{166190CA-0F87-4EBF-8F80-393EA3F85163}.Debug|x64.ActiveCfg = Debug|x64
		{166190CA-0F87-4EBF-8F80-393EA3F85163}.Debug|x64.Build.0 = Debug|x64
		{166190CA-0F87-4EBF-8F80-393EA3F85163}.Debug|x86.ActiveCfg = Debug|Win32
		{166190CA-0F87-4EBF-8F80-393EA3F85163}.Debug|x86.Build.0 = Debug|Win32
		{166190CA-0F87-4EBF-8F80-393EA3F85163}.Release|Any CPU.ActiveCfg = Release|Win32
		{166190CA-0F87-4EBF-8F80-393EA3F85163}.Release|x64.ActiveCfg = Release|x64
		{166190CA-0F87-4EBF-8F80-393EA3F85163}.Release|x64.Build.0 = Release|x64
		{166190CA-0F87-4EBF-8F80-393EA3F85163}.Release|x86.ActiveCfg = Release|Win32
		{166190CA-0F87-4EBF-8F80-393EA3F85163}.Release|x86.Build.0 = Release|Win32
	EndGlobalSection
	GlobalSection(SolutionProperties) = preSolution
		HideSolutionNode = FALSE
	EndGlobalSection
	GlobalSection(ExtensibilityGlobals) = postSolution
		SolutionGuid = {59939F3C-941E-4A05-8693-3E6E0092BE87}
	EndGlobalSection
EndGlobal
