
Microsoft Visual Studio Solution File, Format Version 12.00
# Visual Studio Version 16
VisualStudioVersion = 16.0.28729.10
MinimumVisualStudioVersion = 10.0.40219.1
Project("{FAE04EC0-301F-11D3-BF4B-00C04F79EFBC}") = "SmartTaskbar.Core", "SmartTaskbar.Core\SmartTaskbar.Core.csproj", "{E363CFBD-35BA-4354-9E34-EADA7AB794CB}"
	ProjectSection(ProjectDependencies) = postProject
		{B0836298-D5BE-465F-AB66-FB966F8AD987} = {B0836298-D5BE-465F-AB66-FB966F8AD987}
	EndProjectSection
EndProject
Project("{FAE04EC0-301F-11D3-BF4B-00C04F79EFBC}") = "SmartTaskbar.Hook", "SmartTaskbar.Hook\SmartTaskbar.Hook.csproj", "{B0836298-D5BE-465F-AB66-FB966F8AD987}"
EndProject
Project("{FAE04EC0-301F-11D3-BF4B-00C04F79EFBC}") = "SmartTaskbar", "SmartTaskbar\SmartTaskbar.csproj", "{16B5A53D-EEE4-4B21-BF76-92A4531E8C01}"
EndProject
Project("{2150E333-8FDC-42A3-9474-1A3956D46DE8}") = "OldFramework", "OldFramework", "{5B4257C2-90BC-4462-87B9-EFF3A2234481}"
EndProject
Project("{FAE04EC0-301F-11D3-BF4B-00C04F79EFBC}") = "SmartTaskbar.UI", "SmartTaskbar.UI\SmartTaskbar.UI.csproj", "{948B969D-DAB7-4F99-9CB5-856EF8F20E65}"
EndProject
Project("{9A19103F-16F7-4668-BE54-9A1E7A4F7556}") = "SmartTaskbar.Tray", "SmartTaskbar.Tray\SmartTaskbar.Tray.csproj", "{937433CC-AC44-40E7-A971-1BB5D9A9CB79}"
EndProject
Project("{9A19103F-16F7-4668-BE54-9A1E7A4F7556}") = "SmartTaskbar.PlatformInvoke", "SmartTaskbar.PlatformInvoke\SmartTaskbar.PlatformInvoke.csproj", "{A5D03345-039C-4572-B8BF-FC822F52062C}"
EndProject
Project("{FAE04EC0-301F-11D3-BF4B-00C04F79EFBC}") = "SmartTaskbar.Models", "SmartTaskbar.Models\SmartTaskbar.Models.csproj", "{8807FE9F-7BEF-4999-872F-A937000EAFBE}"
EndProject
Project("{FAE04EC0-301F-11D3-BF4B-00C04F79EFBC}") = "SmartTaskbar.Engines", "SmartTaskbar.Engines\SmartTaskbar.Engines.csproj", "{4B888E31-E8FB-4BEE-A23D-3740EBED3276}"
EndProject
Global
	GlobalSection(SolutionConfigurationPlatforms) = preSolution
		Debug|Any CPU = Debug|Any CPU
		Debug|ARM = Debug|ARM
		Debug|ARM64 = Debug|ARM64
		Debug|x64 = Debug|x64
		Debug|x86 = Debug|x86
		Release|Any CPU = Release|Any CPU
		Release|ARM = Release|ARM
		Release|ARM64 = Release|ARM64
		Release|x64 = Release|x64
		Release|x86 = Release|x86
	EndGlobalSection
	GlobalSection(ProjectConfigurationPlatforms) = postSolution
		{E363CFBD-35BA-4354-9E34-EADA7AB794CB}.Debug|Any CPU.ActiveCfg = Debug|Any CPU
		{E363CFBD-35BA-4354-9E34-EADA7AB794CB}.Debug|Any CPU.Build.0 = Debug|Any CPU
		{E363CFBD-35BA-4354-9E34-EADA7AB794CB}.Debug|ARM.ActiveCfg = Debug|Any CPU
		{E363CFBD-35BA-4354-9E34-EADA7AB794CB}.Debug|ARM.Build.0 = Debug|Any CPU
		{E363CFBD-35BA-4354-9E34-EADA7AB794CB}.Debug|ARM64.ActiveCfg = Debug|Any CPU
		{E363CFBD-35BA-4354-9E34-EADA7AB794CB}.Debug|ARM64.Build.0 = Debug|Any CPU
		{E363CFBD-35BA-4354-9E34-EADA7AB794CB}.Debug|x64.ActiveCfg = Debug|Any CPU
		{E363CFBD-35BA-4354-9E34-EADA7AB794CB}.Debug|x64.Build.0 = Debug|Any CPU
		{E363CFBD-35BA-4354-9E34-EADA7AB794CB}.Debug|x86.ActiveCfg = Debug|Any CPU
		{E363CFBD-35BA-4354-9E34-EADA7AB794CB}.Debug|x86.Build.0 = Debug|Any CPU
		{E363CFBD-35BA-4354-9E34-EADA7AB794CB}.Release|Any CPU.ActiveCfg = Release|Any CPU
		{E363CFBD-35BA-4354-9E34-EADA7AB794CB}.Release|Any CPU.Build.0 = Release|Any CPU
		{E363CFBD-35BA-4354-9E34-EADA7AB794CB}.Release|ARM.ActiveCfg = Release|Any CPU
		{E363CFBD-35BA-4354-9E34-EADA7AB794CB}.Release|ARM.Build.0 = Release|Any CPU
		{E363CFBD-35BA-4354-9E34-EADA7AB794CB}.Release|ARM64.ActiveCfg = Release|Any CPU
		{E363CFBD-35BA-4354-9E34-EADA7AB794CB}.Release|ARM64.Build.0 = Release|Any CPU
		{E363CFBD-35BA-4354-9E34-EADA7AB794CB}.Release|x64.ActiveCfg = Release|Any CPU
		{E363CFBD-35BA-4354-9E34-EADA7AB794CB}.Release|x64.Build.0 = Release|Any CPU
		{E363CFBD-35BA-4354-9E34-EADA7AB794CB}.Release|x86.ActiveCfg = Release|Any CPU
		{E363CFBD-35BA-4354-9E34-EADA7AB794CB}.Release|x86.Build.0 = Release|Any CPU
		{B0836298-D5BE-465F-AB66-FB966F8AD987}.Debug|Any CPU.ActiveCfg = Debug|Any CPU
		{B0836298-D5BE-465F-AB66-FB966F8AD987}.Debug|Any CPU.Build.0 = Debug|Any CPU
		{B0836298-D5BE-465F-AB66-FB966F8AD987}.Debug|ARM.ActiveCfg = Debug|Any CPU
		{B0836298-D5BE-465F-AB66-FB966F8AD987}.Debug|ARM.Build.0 = Debug|Any CPU
		{B0836298-D5BE-465F-AB66-FB966F8AD987}.Debug|ARM64.ActiveCfg = Debug|Any CPU
		{B0836298-D5BE-465F-AB66-FB966F8AD987}.Debug|ARM64.Build.0 = Debug|Any CPU
		{B0836298-D5BE-465F-AB66-FB966F8AD987}.Debug|x64.ActiveCfg = Debug|Any CPU
		{B0836298-D5BE-465F-AB66-FB966F8AD987}.Debug|x64.Build.0 = Debug|Any CPU
		{B0836298-D5BE-465F-AB66-FB966F8AD987}.Debug|x86.ActiveCfg = Debug|Any CPU
		{B0836298-D5BE-465F-AB66-FB966F8AD987}.Debug|x86.Build.0 = Debug|Any CPU
		{B0836298-D5BE-465F-AB66-FB966F8AD987}.Release|Any CPU.ActiveCfg = Release|Any CPU
		{B0836298-D5BE-465F-AB66-FB966F8AD987}.Release|Any CPU.Build.0 = Release|Any CPU
		{B0836298-D5BE-465F-AB66-FB966F8AD987}.Release|ARM.ActiveCfg = Release|Any CPU
		{B0836298-D5BE-465F-AB66-FB966F8AD987}.Release|ARM.Build.0 = Release|Any CPU
		{B0836298-D5BE-465F-AB66-FB966F8AD987}.Release|ARM64.ActiveCfg = Release|Any CPU
		{B0836298-D5BE-465F-AB66-FB966F8AD987}.Release|ARM64.Build.0 = Release|Any CPU
		{B0836298-D5BE-465F-AB66-FB966F8AD987}.Release|x64.ActiveCfg = Release|Any CPU
		{B0836298-D5BE-465F-AB66-FB966F8AD987}.Release|x64.Build.0 = Release|Any CPU
		{B0836298-D5BE-465F-AB66-FB966F8AD987}.Release|x86.ActiveCfg = Release|Any CPU
		{B0836298-D5BE-465F-AB66-FB966F8AD987}.Release|x86.Build.0 = Release|Any CPU
		{16B5A53D-EEE4-4B21-BF76-92A4531E8C01}.Debug|Any CPU.ActiveCfg = Debug|Any CPU
		{16B5A53D-EEE4-4B21-BF76-92A4531E8C01}.Debug|Any CPU.Build.0 = Debug|Any CPU
		{16B5A53D-EEE4-4B21-BF76-92A4531E8C01}.Debug|ARM.ActiveCfg = Debug|Any CPU
		{16B5A53D-EEE4-4B21-BF76-92A4531E8C01}.Debug|ARM.Build.0 = Debug|Any CPU
		{16B5A53D-EEE4-4B21-BF76-92A4531E8C01}.Debug|ARM64.ActiveCfg = Debug|Any CPU
		{16B5A53D-EEE4-4B21-BF76-92A4531E8C01}.Debug|ARM64.Build.0 = Debug|Any CPU
		{16B5A53D-EEE4-4B21-BF76-92A4531E8C01}.Debug|x64.ActiveCfg = Debug|Any CPU
		{16B5A53D-EEE4-4B21-BF76-92A4531E8C01}.Debug|x64.Build.0 = Debug|Any CPU
		{16B5A53D-EEE4-4B21-BF76-92A4531E8C01}.Debug|x86.ActiveCfg = Debug|Any CPU
		{16B5A53D-EEE4-4B21-BF76-92A4531E8C01}.Debug|x86.Build.0 = Debug|Any CPU
		{16B5A53D-EEE4-4B21-BF76-92A4531E8C01}.Release|Any CPU.ActiveCfg = Release|Any CPU
		{16B5A53D-EEE4-4B21-BF76-92A4531E8C01}.Release|Any CPU.Build.0 = Release|Any CPU
		{16B5A53D-EEE4-4B21-BF76-92A4531E8C01}.Release|ARM.ActiveCfg = Release|Any CPU
		{16B5A53D-EEE4-4B21-BF76-92A4531E8C01}.Release|ARM.Build.0 = Release|Any CPU
		{16B5A53D-EEE4-4B21-BF76-92A4531E8C01}.Release|ARM64.ActiveCfg = Release|Any CPU
		{16B5A53D-EEE4-4B21-BF76-92A4531E8C01}.Release|ARM64.Build.0 = Release|Any CPU
		{16B5A53D-EEE4-4B21-BF76-92A4531E8C01}.Release|x64.ActiveCfg = Release|Any CPU
		{16B5A53D-EEE4-4B21-BF76-92A4531E8C01}.Release|x64.Build.0 = Release|Any CPU
		{16B5A53D-EEE4-4B21-BF76-92A4531E8C01}.Release|x86.ActiveCfg = Release|Any CPU
		{16B5A53D-EEE4-4B21-BF76-92A4531E8C01}.Release|x86.Build.0 = Release|Any CPU
		{948B969D-DAB7-4F99-9CB5-856EF8F20E65}.Debug|Any CPU.ActiveCfg = Debug|x86
		{948B969D-DAB7-4F99-9CB5-856EF8F20E65}.Debug|ARM.ActiveCfg = Debug|ARM
		{948B969D-DAB7-4F99-9CB5-856EF8F20E65}.Debug|ARM.Build.0 = Debug|ARM
		{948B969D-DAB7-4F99-9CB5-856EF8F20E65}.Debug|ARM.Deploy.0 = Debug|ARM
		{948B969D-DAB7-4F99-9CB5-856EF8F20E65}.Debug|ARM64.ActiveCfg = Debug|ARM64
		{948B969D-DAB7-4F99-9CB5-856EF8F20E65}.Debug|ARM64.Build.0 = Debug|ARM64
		{948B969D-DAB7-4F99-9CB5-856EF8F20E65}.Debug|ARM64.Deploy.0 = Debug|ARM64
		{948B969D-DAB7-4F99-9CB5-856EF8F20E65}.Debug|x64.ActiveCfg = Debug|x64
		{948B969D-DAB7-4F99-9CB5-856EF8F20E65}.Debug|x64.Build.0 = Debug|x64
		{948B969D-DAB7-4F99-9CB5-856EF8F20E65}.Debug|x64.Deploy.0 = Debug|x64
		{948B969D-DAB7-4F99-9CB5-856EF8F20E65}.Debug|x86.ActiveCfg = Debug|x86
		{948B969D-DAB7-4F99-9CB5-856EF8F20E65}.Debug|x86.Build.0 = Debug|x86
		{948B969D-DAB7-4F99-9CB5-856EF8F20E65}.Debug|x86.Deploy.0 = Debug|x86
		{948B969D-DAB7-4F99-9CB5-856EF8F20E65}.Release|Any CPU.ActiveCfg = Release|x86
		{948B969D-DAB7-4F99-9CB5-856EF8F20E65}.Release|ARM.ActiveCfg = Release|ARM
		{948B969D-DAB7-4F99-9CB5-856EF8F20E65}.Release|ARM.Build.0 = Release|ARM
		{948B969D-DAB7-4F99-9CB5-856EF8F20E65}.Release|ARM.Deploy.0 = Release|ARM
		{948B969D-DAB7-4F99-9CB5-856EF8F20E65}.Release|ARM64.ActiveCfg = Release|ARM64
		{948B969D-DAB7-4F99-9CB5-856EF8F20E65}.Release|ARM64.Build.0 = Release|ARM64
		{948B969D-DAB7-4F99-9CB5-856EF8F20E65}.Release|ARM64.Deploy.0 = Release|ARM64
		{948B969D-DAB7-4F99-9CB5-856EF8F20E65}.Release|x64.ActiveCfg = Release|x64
		{948B969D-DAB7-4F99-9CB5-856EF8F20E65}.Release|x64.Build.0 = Release|x64
		{948B969D-DAB7-4F99-9CB5-856EF8F20E65}.Release|x64.Deploy.0 = Release|x64
		{948B969D-DAB7-4F99-9CB5-856EF8F20E65}.Release|x86.ActiveCfg = Release|x86
		{948B969D-DAB7-4F99-9CB5-856EF8F20E65}.Release|x86.Build.0 = Release|x86
		{948B969D-DAB7-4F99-9CB5-856EF8F20E65}.Release|x86.Deploy.0 = Release|x86
		{937433CC-AC44-40E7-A971-1BB5D9A9CB79}.Debug|Any CPU.ActiveCfg = Debug|Any CPU
		{937433CC-AC44-40E7-A971-1BB5D9A9CB79}.Debug|Any CPU.Build.0 = Debug|Any CPU
		{937433CC-AC44-40E7-A971-1BB5D9A9CB79}.Debug|ARM.ActiveCfg = Debug|Any CPU
		{937433CC-AC44-40E7-A971-1BB5D9A9CB79}.Debug|ARM.Build.0 = Debug|Any CPU
		{937433CC-AC44-40E7-A971-1BB5D9A9CB79}.Debug|ARM64.ActiveCfg = Debug|Any CPU
		{937433CC-AC44-40E7-A971-1BB5D9A9CB79}.Debug|ARM64.Build.0 = Debug|Any CPU
		{937433CC-AC44-40E7-A971-1BB5D9A9CB79}.Debug|x64.ActiveCfg = Debug|Any CPU
		{937433CC-AC44-40E7-A971-1BB5D9A9CB79}.Debug|x64.Build.0 = Debug|Any CPU
		{937433CC-AC44-40E7-A971-1BB5D9A9CB79}.Debug|x86.ActiveCfg = Debug|Any CPU
		{937433CC-AC44-40E7-A971-1BB5D9A9CB79}.Debug|x86.Build.0 = Debug|Any CPU
		{937433CC-AC44-40E7-A971-1BB5D9A9CB79}.Release|Any CPU.ActiveCfg = Release|Any CPU
		{937433CC-AC44-40E7-A971-1BB5D9A9CB79}.Release|Any CPU.Build.0 = Release|Any CPU
		{937433CC-AC44-40E7-A971-1BB5D9A9CB79}.Release|ARM.ActiveCfg = Release|Any CPU
		{937433CC-AC44-40E7-A971-1BB5D9A9CB79}.Release|ARM.Build.0 = Release|Any CPU
		{937433CC-AC44-40E7-A971-1BB5D9A9CB79}.Release|ARM64.ActiveCfg = Release|Any CPU
		{937433CC-AC44-40E7-A971-1BB5D9A9CB79}.Release|ARM64.Build.0 = Release|Any CPU
		{937433CC-AC44-40E7-A971-1BB5D9A9CB79}.Release|x64.ActiveCfg = Release|Any CPU
		{937433CC-AC44-40E7-A971-1BB5D9A9CB79}.Release|x64.Build.0 = Release|Any CPU
		{937433CC-AC44-40E7-A971-1BB5D9A9CB79}.Release|x86.ActiveCfg = Release|Any CPU
		{937433CC-AC44-40E7-A971-1BB5D9A9CB79}.Release|x86.Build.0 = Release|Any CPU
		{A5D03345-039C-4572-B8BF-FC822F52062C}.Debug|Any CPU.ActiveCfg = Debug|Any CPU
		{A5D03345-039C-4572-B8BF-FC822F52062C}.Debug|Any CPU.Build.0 = Debug|Any CPU
		{A5D03345-039C-4572-B8BF-FC822F52062C}.Debug|ARM.ActiveCfg = Debug|Any CPU
		{A5D03345-039C-4572-B8BF-FC822F52062C}.Debug|ARM.Build.0 = Debug|Any CPU
		{A5D03345-039C-4572-B8BF-FC822F52062C}.Debug|ARM64.ActiveCfg = Debug|Any CPU
		{A5D03345-039C-4572-B8BF-FC822F52062C}.Debug|ARM64.Build.0 = Debug|Any CPU
		{A5D03345-039C-4572-B8BF-FC822F52062C}.Debug|x64.ActiveCfg = Debug|Any CPU
		{A5D03345-039C-4572-B8BF-FC822F52062C}.Debug|x64.Build.0 = Debug|Any CPU
		{A5D03345-039C-4572-B8BF-FC822F52062C}.Debug|x86.ActiveCfg = Debug|Any CPU
		{A5D03345-039C-4572-B8BF-FC822F52062C}.Debug|x86.Build.0 = Debug|Any CPU
		{A5D03345-039C-4572-B8BF-FC822F52062C}.Release|Any CPU.ActiveCfg = Release|Any CPU
		{A5D03345-039C-4572-B8BF-FC822F52062C}.Release|Any CPU.Build.0 = Release|Any CPU
		{A5D03345-039C-4572-B8BF-FC822F52062C}.Release|ARM.ActiveCfg = Release|Any CPU
		{A5D03345-039C-4572-B8BF-FC822F52062C}.Release|ARM.Build.0 = Release|Any CPU
		{A5D03345-039C-4572-B8BF-FC822F52062C}.Release|ARM64.ActiveCfg = Release|Any CPU
		{A5D03345-039C-4572-B8BF-FC822F52062C}.Release|ARM64.Build.0 = Release|Any CPU
		{A5D03345-039C-4572-B8BF-FC822F52062C}.Release|x64.ActiveCfg = Release|Any CPU
		{A5D03345-039C-4572-B8BF-FC822F52062C}.Release|x64.Build.0 = Release|Any CPU
		{A5D03345-039C-4572-B8BF-FC822F52062C}.Release|x86.ActiveCfg = Release|Any CPU
		{A5D03345-039C-4572-B8BF-FC822F52062C}.Release|x86.Build.0 = Release|Any CPU
		{8807FE9F-7BEF-4999-872F-A937000EAFBE}.Debug|Any CPU.ActiveCfg = Debug|Any CPU
		{8807FE9F-7BEF-4999-872F-A937000EAFBE}.Debug|Any CPU.Build.0 = Debug|Any CPU
		{8807FE9F-7BEF-4999-872F-A937000EAFBE}.Debug|ARM.ActiveCfg = Debug|Any CPU
		{8807FE9F-7BEF-4999-872F-A937000EAFBE}.Debug|ARM.Build.0 = Debug|Any CPU
		{8807FE9F-7BEF-4999-872F-A937000EAFBE}.Debug|ARM64.ActiveCfg = Debug|Any CPU
		{8807FE9F-7BEF-4999-872F-A937000EAFBE}.Debug|ARM64.Build.0 = Debug|Any CPU
		{8807FE9F-7BEF-4999-872F-A937000EAFBE}.Debug|x64.ActiveCfg = Debug|Any CPU
		{8807FE9F-7BEF-4999-872F-A937000EAFBE}.Debug|x64.Build.0 = Debug|Any CPU
		{8807FE9F-7BEF-4999-872F-A937000EAFBE}.Debug|x86.ActiveCfg = Debug|Any CPU
		{8807FE9F-7BEF-4999-872F-A937000EAFBE}.Debug|x86.Build.0 = Debug|Any CPU
		{8807FE9F-7BEF-4999-872F-A937000EAFBE}.Release|Any CPU.ActiveCfg = Release|Any CPU
		{8807FE9F-7BEF-4999-872F-A937000EAFBE}.Release|Any CPU.Build.0 = Release|Any CPU
		{8807FE9F-7BEF-4999-872F-A937000EAFBE}.Release|ARM.ActiveCfg = Release|Any CPU
		{8807FE9F-7BEF-4999-872F-A937000EAFBE}.Release|ARM.Build.0 = Release|Any CPU
		{8807FE9F-7BEF-4999-872F-A937000EAFBE}.Release|ARM64.ActiveCfg = Release|Any CPU
		{8807FE9F-7BEF-4999-872F-A937000EAFBE}.Release|ARM64.Build.0 = Release|Any CPU
		{8807FE9F-7BEF-4999-872F-A937000EAFBE}.Release|x64.ActiveCfg = Release|Any CPU
		{8807FE9F-7BEF-4999-872F-A937000EAFBE}.Release|x64.Build.0 = Release|Any CPU
		{8807FE9F-7BEF-4999-872F-A937000EAFBE}.Release|x86.ActiveCfg = Release|Any CPU
		{8807FE9F-7BEF-4999-872F-A937000EAFBE}.Release|x86.Build.0 = Release|Any CPU
		{4B888E31-E8FB-4BEE-A23D-3740EBED3276}.Debug|Any CPU.ActiveCfg = Debug|Any CPU
		{4B888E31-E8FB-4BEE-A23D-3740EBED3276}.Debug|Any CPU.Build.0 = Debug|Any CPU
		{4B888E31-E8FB-4BEE-A23D-3740EBED3276}.Debug|ARM.ActiveCfg = Debug|Any CPU
		{4B888E31-E8FB-4BEE-A23D-3740EBED3276}.Debug|ARM.Build.0 = Debug|Any CPU
		{4B888E31-E8FB-4BEE-A23D-3740EBED3276}.Debug|ARM64.ActiveCfg = Debug|Any CPU
		{4B888E31-E8FB-4BEE-A23D-3740EBED3276}.Debug|ARM64.Build.0 = Debug|Any CPU
		{4B888E31-E8FB-4BEE-A23D-3740EBED3276}.Debug|x64.ActiveCfg = Debug|Any CPU
		{4B888E31-E8FB-4BEE-A23D-3740EBED3276}.Debug|x64.Build.0 = Debug|Any CPU
		{4B888E31-E8FB-4BEE-A23D-3740EBED3276}.Debug|x86.ActiveCfg = Debug|Any CPU
		{4B888E31-E8FB-4BEE-A23D-3740EBED3276}.Debug|x86.Build.0 = Debug|Any CPU
		{4B888E31-E8FB-4BEE-A23D-3740EBED3276}.Release|Any CPU.ActiveCfg = Release|Any CPU
		{4B888E31-E8FB-4BEE-A23D-3740EBED3276}.Release|Any CPU.Build.0 = Release|Any CPU
		{4B888E31-E8FB-4BEE-A23D-3740EBED3276}.Release|ARM.ActiveCfg = Release|Any CPU
		{4B888E31-E8FB-4BEE-A23D-3740EBED3276}.Release|ARM.Build.0 = Release|Any CPU
		{4B888E31-E8FB-4BEE-A23D-3740EBED3276}.Release|ARM64.ActiveCfg = Release|Any CPU
		{4B888E31-E8FB-4BEE-A23D-3740EBED3276}.Release|ARM64.Build.0 = Release|Any CPU
		{4B888E31-E8FB-4BEE-A23D-3740EBED3276}.Release|x64.ActiveCfg = Release|Any CPU
		{4B888E31-E8FB-4BEE-A23D-3740EBED3276}.Release|x64.Build.0 = Release|Any CPU
		{4B888E31-E8FB-4BEE-A23D-3740EBED3276}.Release|x86.ActiveCfg = Release|Any CPU
		{4B888E31-E8FB-4BEE-A23D-3740EBED3276}.Release|x86.Build.0 = Release|Any CPU
	EndGlobalSection
	GlobalSection(SolutionProperties) = preSolution
		HideSolutionNode = FALSE
	EndGlobalSection
	GlobalSection(NestedProjects) = preSolution
		{E363CFBD-35BA-4354-9E34-EADA7AB794CB} = {5B4257C2-90BC-4462-87B9-EFF3A2234481}
		{B0836298-D5BE-465F-AB66-FB966F8AD987} = {5B4257C2-90BC-4462-87B9-EFF3A2234481}
		{16B5A53D-EEE4-4B21-BF76-92A4531E8C01} = {5B4257C2-90BC-4462-87B9-EFF3A2234481}
	EndGlobalSection
	GlobalSection(ExtensibilityGlobals) = postSolution
		SolutionGuid = {8C21EDE8-3966-4D13-9A00-0B6034BC89AD}
	EndGlobalSection
EndGlobal
