
Microsoft Visual Studio Solution File, Format Version 12.00
# Visual Studio Version 16
VisualStudioVersion = 16.0.28714.193
MinimumVisualStudioVersion = 10.0.40219.1
Project("{FAE04EC0-301F-11D3-BF4B-00C04F79EFBC}") = "SmartTaskbar.Core", "SmartTaskbar.Core\SmartTaskbar.Core.csproj", "{4FAAE443-59E2-4BEB-9914-8621DF6326B0}"
EndProject
Project("{FAE04EC0-301F-11D3-BF4B-00C04F79EFBC}") = "AutoModeTest", "AutoModeTest\AutoModeTest.csproj", "{8D568204-192C-4AA5-9A31-21B5B0C4BEE6}"
	ProjectSection(ProjectDependencies) = postProject
		{4FAAE443-59E2-4BEB-9914-8621DF6326B0} = {4FAAE443-59E2-4BEB-9914-8621DF6326B0}
	EndProjectSection
EndProject
Project("{FAE04EC0-301F-11D3-BF4B-00C04F79EFBC}") = "SmartTaskbar", "SmartTaskbar\SmartTaskbar.csproj", "{78D5CE6B-6D4C-4282-AB04-E3F56D91160E}"
	ProjectSection(ProjectDependencies) = postProject
		{4FAAE443-59E2-4BEB-9914-8621DF6326B0} = {4FAAE443-59E2-4BEB-9914-8621DF6326B0}
	EndProjectSection
EndProject
Global
	GlobalSection(SolutionConfigurationPlatforms) = preSolution
		Debug|Any CPU = Debug|Any CPU
		Debug|x64 = Debug|x64
		Debug|x86 = Debug|x86
		Release|Any CPU = Release|Any CPU
		Release|x64 = Release|x64
		Release|x86 = Release|x86
	EndGlobalSection
	GlobalSection(ProjectConfigurationPlatforms) = postSolution
		{4FAAE443-59E2-4BEB-9914-8621DF6326B0}.Debug|Any CPU.ActiveCfg = Debug|Any CPU
		{4FAAE443-59E2-4BEB-9914-8621DF6326B0}.Debug|Any CPU.Build.0 = Debug|Any CPU
		{4FAAE443-59E2-4BEB-9914-8621DF6326B0}.Debug|x64.ActiveCfg = Debug|Any CPU
		{4FAAE443-59E2-4BEB-9914-8621DF6326B0}.Debug|x64.Build.0 = Debug|Any CPU
		{4FAAE443-59E2-4BEB-9914-8621DF6326B0}.Debug|x86.ActiveCfg = Debug|Any CPU
		{4FAAE443-59E2-4BEB-9914-8621DF6326B0}.Debug|x86.Build.0 = Debug|Any CPU
		{4FAAE443-59E2-4BEB-9914-8621DF6326B0}.Release|Any CPU.ActiveCfg = Release|Any CPU
		{4FAAE443-59E2-4BEB-9914-8621DF6326B0}.Release|Any CPU.Build.0 = Release|Any CPU
		{4FAAE443-59E2-4BEB-9914-8621DF6326B0}.Release|x64.ActiveCfg = Release|Any CPU
		{4FAAE443-59E2-4BEB-9914-8621DF6326B0}.Release|x64.Build.0 = Release|Any CPU
		{4FAAE443-59E2-4BEB-9914-8621DF6326B0}.Release|x86.ActiveCfg = Release|Any CPU
		{4FAAE443-59E2-4BEB-9914-8621DF6326B0}.Release|x86.Build.0 = Release|Any CPU
		{8D568204-192C-4AA5-9A31-21B5B0C4BEE6}.Debug|Any CPU.ActiveCfg = Debug|Any CPU
		{8D568204-192C-4AA5-9A31-21B5B0C4BEE6}.Debug|Any CPU.Build.0 = Debug|Any CPU
		{8D568204-192C-4AA5-9A31-21B5B0C4BEE6}.Debug|x64.ActiveCfg = Debug|Any CPU
		{8D568204-192C-4AA5-9A31-21B5B0C4BEE6}.Debug|x64.Build.0 = Debug|Any CPU
		{8D568204-192C-4AA5-9A31-21B5B0C4BEE6}.Debug|x86.ActiveCfg = Debug|Any CPU
		{8D568204-192C-4AA5-9A31-21B5B0C4BEE6}.Debug|x86.Build.0 = Debug|Any CPU
		{8D568204-192C-4AA5-9A31-21B5B0C4BEE6}.Release|Any CPU.ActiveCfg = Release|Any CPU
		{8D568204-192C-4AA5-9A31-21B5B0C4BEE6}.Release|Any CPU.Build.0 = Release|Any CPU
		{8D568204-192C-4AA5-9A31-21B5B0C4BEE6}.Release|x64.ActiveCfg = Release|Any CPU
		{8D568204-192C-4AA5-9A31-21B5B0C4BEE6}.Release|x64.Build.0 = Release|Any CPU
		{8D568204-192C-4AA5-9A31-21B5B0C4BEE6}.Release|x86.ActiveCfg = Release|Any CPU
		{8D568204-192C-4AA5-9A31-21B5B0C4BEE6}.Release|x86.Build.0 = Release|Any CPU
		{78D5CE6B-6D4C-4282-AB04-E3F56D91160E}.Debug|Any CPU.ActiveCfg = Debug|Any CPU
		{78D5CE6B-6D4C-4282-AB04-E3F56D91160E}.Debug|Any CPU.Build.0 = Debug|Any CPU
		{78D5CE6B-6D4C-4282-AB04-E3F56D91160E}.Debug|x64.ActiveCfg = Debug|Any CPU
		{78D5CE6B-6D4C-4282-AB04-E3F56D91160E}.Debug|x64.Build.0 = Debug|Any CPU
		{78D5CE6B-6D4C-4282-AB04-E3F56D91160E}.Debug|x86.ActiveCfg = Debug|Any CPU
		{78D5CE6B-6D4C-4282-AB04-E3F56D91160E}.Debug|x86.Build.0 = Debug|Any CPU
		{78D5CE6B-6D4C-4282-AB04-E3F56D91160E}.Release|Any CPU.ActiveCfg = Release|Any CPU
		{78D5CE6B-6D4C-4282-AB04-E3F56D91160E}.Release|Any CPU.Build.0 = Release|Any CPU
		{78D5CE6B-6D4C-4282-AB04-E3F56D91160E}.Release|x64.ActiveCfg = Release|Any CPU
		{78D5CE6B-6D4C-4282-AB04-E3F56D91160E}.Release|x64.Build.0 = Release|Any CPU
		{78D5CE6B-6D4C-4282-AB04-E3F56D91160E}.Release|x86.ActiveCfg = Release|Any CPU
		{78D5CE6B-6D4C-4282-AB04-E3F56D91160E}.Release|x86.Build.0 = Release|Any CPU
	EndGlobalSection
	GlobalSection(SolutionProperties) = preSolution
		HideSolutionNode = FALSE
	EndGlobalSection
	GlobalSection(ExtensibilityGlobals) = postSolution
		SolutionGuid = {59939F3C-941E-4A05-8693-3E6E0092BE87}
	EndGlobalSection
EndGlobal
