
Microsoft Visual Studio Solution File, Format Version 12.00
# Visual Studio Version 17
VisualStudioVersion = 17.0.31815.197
MinimumVisualStudioVersion = 10.0.40219.1
Project("{9A19103F-16F7-4668-BE54-9A1E7A4F7556}") = "SmartTaskbar", "SmartTaskbar\SmartTaskbar.csproj", "{6CE38B0B-A527-4875-89B3-686D0B3CCFA7}"
EndProject
Project("{C7167F0D-BC9F-4E6E-AFE1-012C56B48DB5}") = "SmartTaskbar", "SmartTaskbar.WapProj\SmartTaskbar.wapproj", "{4BB030E8-5894-4CA4-B80B-EAD44B9B4DE4}"
EndProject
Global
	GlobalSection(SolutionConfigurationPlatforms) = preSolution
		Debug|Any CPU = Debug|Any CPU
		Debug|ARM = Debug|ARM
		Debug|ARM64 = Debug|ARM64
		Debug|x64 = Debug|x64
		Debug|x86 = Debug|x86
		Release|Any CPU = Release|Any CPU
		Release|ARM = Release|ARM
		Release|ARM64 = Release|ARM64
		Release|x64 = Release|x64
		Release|x86 = Release|x86
	EndGlobalSection
	GlobalSection(ProjectConfigurationPlatforms) = postSolution
		{6CE38B0B-A527-4875-89B3-686D0B3CCFA7}.Debug|Any CPU.ActiveCfg = Debug|Any CPU
		{6CE38B0B-A527-4875-89B3-686D0B3CCFA7}.Debug|Any CPU.Build.0 = Debug|Any CPU
		{6CE38B0B-A527-4875-89B3-686D0B3CCFA7}.Debug|ARM.ActiveCfg = Debug|Any CPU
		{6CE38B0B-A527-4875-89B3-686D0B3CCFA7}.Debug|ARM.Build.0 = Debug|Any CPU
		{6CE38B0B-A527-4875-89B3-686D0B3CCFA7}.Debug|ARM64.ActiveCfg = Debug|Any CPU
		{6CE38B0B-A527-4875-89B3-686D0B3CCFA7}.Debug|ARM64.Build.0 = Debug|Any CPU
		{6CE38B0B-A527-4875-89B3-686D0B3CCFA7}.Debug|x64.ActiveCfg = Debug|Any CPU
		{6CE38B0B-A527-4875-89B3-686D0B3CCFA7}.Debug|x64.Build.0 = Debug|Any CPU
		{6CE38B0B-A527-4875-89B3-686D0B3CCFA7}.Debug|x86.ActiveCfg = Debug|Any CPU
		{6CE38B0B-A527-4875-89B3-686D0B3CCFA7}.Debug|x86.Build.0 = Debug|Any CPU
		{6CE38B0B-A527-4875-89B3-686D0B3CCFA7}.Release|Any CPU.ActiveCfg = Release|Any CPU
		{6CE38B0B-A527-4875-89B3-686D0B3CCFA7}.Release|Any CPU.Build.0 = Release|Any CPU
		{6CE38B0B-A527-4875-89B3-686D0B3CCFA7}.Release|ARM.ActiveCfg = Release|Any CPU
		{6CE38B0B-A527-4875-89B3-686D0B3CCFA7}.Release|ARM.Build.0 = Release|Any CPU
		{6CE38B0B-A527-4875-89B3-686D0B3CCFA7}.Release|ARM64.ActiveCfg = Release|Any CPU
		{6CE38B0B-A527-4875-89B3-686D0B3CCFA7}.Release|ARM64.Build.0 = Release|Any CPU
		{6CE38B0B-A527-4875-89B3-686D0B3CCFA7}.Release|x64.ActiveCfg = Release|Any CPU
		{6CE38B0B-A527-4875-89B3-686D0B3CCFA7}.Release|x64.Build.0 = Release|Any CPU
		{6CE38B0B-A527-4875-89B3-686D0B3CCFA7}.Release|x86.ActiveCfg = Release|Any CPU
		{6CE38B0B-A527-4875-89B3-686D0B3CCFA7}.Release|x86.Build.0 = Release|Any CPU
		{4BB030E8-5894-4CA4-B80B-EAD44B9B4DE4}.Debug|Any CPU.ActiveCfg = Debug|Any CPU
		{4BB030E8-5894-4CA4-B80B-EAD44B9B4DE4}.Debug|Any CPU.Build.0 = Debug|Any CPU
		{4BB030E8-5894-4CA4-B80B-EAD44B9B4DE4}.Debug|Any CPU.Deploy.0 = Debug|Any CPU
		{4BB030E8-5894-4CA4-B80B-EAD44B9B4DE4}.Debug|ARM.ActiveCfg = Debug|ARM
		{4BB030E8-5894-4CA4-B80B-EAD44B9B4DE4}.Debug|ARM.Build.0 = Debug|ARM
		{4BB030E8-5894-4CA4-B80B-EAD44B9B4DE4}.Debug|ARM.Deploy.0 = Debug|ARM
		{4BB030E8-5894-4CA4-B80B-EAD44B9B4DE4}.Debug|ARM64.ActiveCfg = Debug|ARM64
		{4BB030E8-5894-4CA4-B80B-EAD44B9B4DE4}.Debug|ARM64.Build.0 = Debug|ARM64
		{4BB030E8-5894-4CA4-B80B-EAD44B9B4DE4}.Debug|ARM64.Deploy.0 = Debug|ARM64
		{4BB030E8-5894-4CA4-B80B-EAD44B9B4DE4}.Debug|x64.ActiveCfg = Debug|x64
		{4BB030E8-5894-4CA4-B80B-EAD44B9B4DE4}.Debug|x64.Build.0 = Debug|x64
		{4BB030E8-5894-4CA4-B80B-EAD44B9B4DE4}.Debug|x64.Deploy.0 = Debug|x64
		{4BB030E8-5894-4CA4-B80B-EAD44B9B4DE4}.Debug|x86.ActiveCfg = Debug|x86
		{4BB030E8-5894-4CA4-B80B-EAD44B9B4DE4}.Debug|x86.Build.0 = Debug|x86
		{4BB030E8-5894-4CA4-B80B-EAD44B9B4DE4}.Debug|x86.Deploy.0 = Debug|x86
		{4BB030E8-5894-4CA4-B80B-EAD44B9B4DE4}.Release|Any CPU.ActiveCfg = Release|Any CPU
		{4BB030E8-5894-4CA4-B80B-EAD44B9B4DE4}.Release|Any CPU.Build.0 = Release|Any CPU
		{4BB030E8-5894-4CA4-B80B-EAD44B9B4DE4}.Release|Any CPU.Deploy.0 = Release|Any CPU
		{4BB030E8-5894-4CA4-B80B-EAD44B9B4DE4}.Release|ARM.ActiveCfg = Release|ARM
		{4BB030E8-5894-4CA4-B80B-EAD44B9B4DE4}.Release|ARM.Build.0 = Release|ARM
		{4BB030E8-5894-4CA4-B80B-EAD44B9B4DE4}.Release|ARM.Deploy.0 = Release|ARM
		{4BB030E8-5894-4CA4-B80B-EAD44B9B4DE4}.Release|ARM64.ActiveCfg = Release|ARM64
		{4BB030E8-5894-4CA4-B80B-EAD44B9B4DE4}.Release|ARM64.Build.0 = Release|ARM64
		{4BB030E8-5894-4CA4-B80B-EAD44B9B4DE4}.Release|ARM64.Deploy.0 = Release|ARM64
		{4BB030E8-5894-4CA4-B80B-EAD44B9B4DE4}.Release|x64.ActiveCfg = Release|x64
		{4BB030E8-5894-4CA4-B80B-EAD44B9B4DE4}.Release|x64.Build.0 = Release|x64
		{4BB030E8-5894-4CA4-B80B-EAD44B9B4DE4}.Release|x64.Deploy.0 = Release|x64
		{4BB030E8-5894-4CA4-B80B-EAD44B9B4DE4}.Release|x86.ActiveCfg = Release|x86
		{4BB030E8-5894-4CA4-B80B-EAD44B9B4DE4}.Release|x86.Build.0 = Release|x86
		{4BB030E8-5894-4CA4-B80B-EAD44B9B4DE4}.Release|x86.Deploy.0 = Release|x86
	EndGlobalSection
	GlobalSection(SolutionProperties) = preSolution
		HideSolutionNode = FALSE
	EndGlobalSection
	GlobalSection(ExtensibilityGlobals) = postSolution
		SolutionGuid = {AF4C7B1E-7889-46F0-BE45-A86EC3837675}
	EndGlobalSection
EndGlobal
